
Microsoft Visual Studio Solution File, Format Version 12.00
Project("{2150E333-8FDC-42A3-9474-1A3956D46DE8}") = "deployment", "deployment", "{196C873B-24D2-41E7-BCCA-F1447D9E10CA}"
	ProjectSection(SolutionItems) = preProject
		deployment\docker-compose.yml = deployment\docker-compose.yml
	EndProjectSection
EndProject
Project("{2150E333-8FDC-42A3-9474-1A3956D46DE8}") = "services", "services", "{70D6D50E-6783-4B33-B681-786214CDE729}"
EndProject
Project("{2150E333-8FDC-42A3-9474-1A3956D46DE8}") = "shared", "shared", "{15A07DA4-E1D4-4810-917E-930C0A7820FE}"
EndProject
Project("{2150E333-8FDC-42A3-9474-1A3956D46DE8}") = "infrastructure", "infrastructure", "{37E73BF7-76D9-4441-BB5B-5292C3DDA52D}"
EndProject
Project("{2150E333-8FDC-42A3-9474-1A3956D46DE8}") = "IdentityServer", "IdentityServer", "{24CCDDF0-58BC-4EC9-A0D8-3B376D8E0DAC}"
EndProject
Project("{2150E333-8FDC-42A3-9474-1A3956D46DE8}") = "src", "src", "{0E411C6A-C20B-4225-98C4-550C41A14960}"
EndProject
Project("{2150E333-8FDC-42A3-9474-1A3956D46DE8}") = "tests", "tests", "{F800CD3D-2F6D-41C1-9F74-C8DD4C524A69}"
EndProject
Project("{2150E333-8FDC-42A3-9474-1A3956D46DE8}") = "tools", "tools", "{F4339AFD-7313-43CC-A609-8DE1B46C44B1}"
EndProject
Project("{FAE04EC0-301F-11D3-BF4B-00C04F79EFBC}") = "IdentityServer", "IdentityServer\IdentityServer.csproj", "{2039713E-A833-41A1-A80F-C4912ECAF8C7}"
EndProject
Project("{2150E333-8FDC-42A3-9474-1A3956D46DE8}") = "WorkflowService", "WorkflowService", "{AA3A0D65-4D85-4BBC-823B-4464C28D5C8D}"
EndProject
Project("{2150E333-8FDC-42A3-9474-1A3956D46DE8}") = "src", "src", "{3519944F-ECF6-4CC5-9554-2386A1DFD6D7}"
EndProject
Project("{2150E333-8FDC-42A3-9474-1A3956D46DE8}") = "tests", "tests", "{A409378A-6D3B-45F8-9E93-82323809D4D8}"
EndProject
Project("{FAE04EC0-301F-11D3-BF4B-00C04F79EFBC}") = "WorkflowService", "services\WorkflowService\src\WorkflowService\WorkflowService.csproj", "{5C869349-27E7-4B28-BE98-52BAE480D084}"
EndProject
Project("{2150E333-8FDC-42A3-9474-1A3956D46DE8}") = "src", "src", "{3A56D942-25B5-4EA3-92BD-A575F842A2D4}"
EndProject
Project("{FAE04EC0-301F-11D3-BF4B-00C04F79EFBC}") = "Shared.Infrastructure", "shared\src\Shared.Infrastructure\Shared.Infrastructure.csproj", "{EF94C858-60EC-42E8-AB76-883265546EFB}"
EndProject
Project("{FAE04EC0-301F-11D3-BF4B-00C04F79EFBC}") = "Shared.Domain", "shared\src\Shared.Domain\Shared.Domain.csproj", "{36418AC4-20BF-45D5-849A-AAB43D71518C}"
EndProject
Project("{FAE04EC0-301F-11D3-BF4B-00C04F79EFBC}") = "Shared.Application", "shared\src\Shared.Application\Shared.Application.csproj", "{556BB251-E175-42A8-AB9A-6F6A3EFF8226}"
EndProject
Project("{FAE04EC0-301F-11D3-BF4B-00C04F79EFBC}") = "WorkflowService.IntegrationTests", "services\WorkflowService\tests\WorkflowService.IntegrationTests\WorkflowService.IntegrationTests.csproj", "{82ACC96A-ED05-47D2-820F-17C3B4BD9DDD}"
EndProject
Project("{2150E333-8FDC-42A3-9474-1A3956D46DE8}") = "TelegramService", "TelegramService", "{22515347-6C10-47A8-90CC-B862B8491379}"
EndProject
Project("{2150E333-8FDC-42A3-9474-1A3956D46DE8}") = "src", "src", "{4E48E1C7-7C0C-49AC-A6D2-E6606B9609A5}"
EndProject
Project("{2150E333-8FDC-42A3-9474-1A3956D46DE8}") = "tests", "tests", "{8F8B169B-8176-443A-B8BC-0F6E86415718}"
EndProject
Project("{FAE04EC0-301F-11D3-BF4B-00C04F79EFBC}") = "TelegramService", "TelegramService\TelegramService.csproj", "{94C126A2-DD0B-409D-9897-E8E16798F794}"
EndProject
Project("{2150E333-8FDC-42A3-9474-1A3956D46DE8}") = "Gateway", "Gateway", "{B5CD6988-3364-4E63-AF6F-3EA58ADEF04A}"
EndProject
Project("{2150E333-8FDC-42A3-9474-1A3956D46DE8}") = "src", "src", "{33826B9C-25A2-453E-AB28-8FB5D46377EC}"
EndProject
Project("{2150E333-8FDC-42A3-9474-1A3956D46DE8}") = "tests", "tests", "{884611DC-7BF5-4305-9F8D-E935D811140B}"
EndProject
Project("{FAE04EC0-301F-11D3-BF4B-00C04F79EFBC}") = "Gateway", "services\Gateway\src\Gateway\Gateway.csproj", "{2BBC4C32-CD98-471A-BBAB-0B86205EA50E}"
EndProject
Global
	GlobalSection(SolutionConfigurationPlatforms) = preSolution
		Debug|Any CPU = Debug|Any CPU
		Release|Any CPU = Release|Any CPU
	EndGlobalSection
	GlobalSection(ProjectConfigurationPlatforms) = postSolution
		{2039713E-A833-41A1-A80F-C4912ECAF8C7}.Debug|Any CPU.ActiveCfg = Debug|Any CPU
		{2039713E-A833-41A1-A80F-C4912ECAF8C7}.Debug|Any CPU.Build.0 = Debug|Any CPU
		{2039713E-A833-41A1-A80F-C4912ECAF8C7}.Release|Any CPU.ActiveCfg = Release|Any CPU
		{2039713E-A833-41A1-A80F-C4912ECAF8C7}.Release|Any CPU.Build.0 = Release|Any CPU
		{5C869349-27E7-4B28-BE98-52BAE480D084}.Debug|Any CPU.ActiveCfg = Debug|Any CPU
		{5C869349-27E7-4B28-BE98-52BAE480D084}.Debug|Any CPU.Build.0 = Debug|Any CPU
		{5C869349-27E7-4B28-BE98-52BAE480D084}.Release|Any CPU.ActiveCfg = Release|Any CPU
		{5C869349-27E7-4B28-BE98-52BAE480D084}.Release|Any CPU.Build.0 = Release|Any CPU
		{EF94C858-60EC-42E8-AB76-883265546EFB}.Debug|Any CPU.ActiveCfg = Debug|Any CPU
		{EF94C858-60EC-42E8-AB76-883265546EFB}.Debug|Any CPU.Build.0 = Debug|Any CPU
		{EF94C858-60EC-42E8-AB76-883265546EFB}.Release|Any CPU.ActiveCfg = Release|Any CPU
		{EF94C858-60EC-42E8-AB76-883265546EFB}.Release|Any CPU.Build.0 = Release|Any CPU
		{36418AC4-20BF-45D5-849A-AAB43D71518C}.Debug|Any CPU.ActiveCfg = Debug|Any CPU
		{36418AC4-20BF-45D5-849A-AAB43D71518C}.Debug|Any CPU.Build.0 = Debug|Any CPU
		{36418AC4-20BF-45D5-849A-AAB43D71518C}.Release|Any CPU.ActiveCfg = Release|Any CPU
		{36418AC4-20BF-45D5-849A-AAB43D71518C}.Release|Any CPU.Build.0 = Release|Any CPU
		{556BB251-E175-42A8-AB9A-6F6A3EFF8226}.Debug|Any CPU.ActiveCfg = Debug|Any CPU
		{556BB251-E175-42A8-AB9A-6F6A3EFF8226}.Debug|Any CPU.Build.0 = Debug|Any CPU
		{556BB251-E175-42A8-AB9A-6F6A3EFF8226}.Release|Any CPU.ActiveCfg = Release|Any CPU
		{556BB251-E175-42A8-AB9A-6F6A3EFF8226}.Release|Any CPU.Build.0 = Release|Any CPU
		{82ACC96A-ED05-47D2-820F-17C3B4BD9DDD}.Debug|Any CPU.ActiveCfg = Debug|Any CPU
		{82ACC96A-ED05-47D2-820F-17C3B4BD9DDD}.Debug|Any CPU.Build.0 = Debug|Any CPU
		{82ACC96A-ED05-47D2-820F-17C3B4BD9DDD}.Release|Any CPU.ActiveCfg = Release|Any CPU
		{82ACC96A-ED05-47D2-820F-17C3B4BD9DDD}.Release|Any CPU.Build.0 = Release|Any CPU
		{94C126A2-DD0B-409D-9897-E8E16798F794}.Debug|Any CPU.ActiveCfg = Debug|Any CPU
		{94C126A2-DD0B-409D-9897-E8E16798F794}.Debug|Any CPU.Build.0 = Debug|Any CPU
		{94C126A2-DD0B-409D-9897-E8E16798F794}.Release|Any CPU.ActiveCfg = Release|Any CPU
		{94C126A2-DD0B-409D-9897-E8E16798F794}.Release|Any CPU.Build.0 = Release|Any CPU
		{2BBC4C32-CD98-471A-BBAB-0B86205EA50E}.Debug|Any CPU.ActiveCfg = Debug|Any CPU
		{2BBC4C32-CD98-471A-BBAB-0B86205EA50E}.Debug|Any CPU.Build.0 = Debug|Any CPU
		{2BBC4C32-CD98-471A-BBAB-0B86205EA50E}.Release|Any CPU.ActiveCfg = Release|Any CPU
		{2BBC4C32-CD98-471A-BBAB-0B86205EA50E}.Release|Any CPU.Build.0 = Release|Any CPU
	EndGlobalSection
	GlobalSection(NestedProjects) = preSolution
		{24CCDDF0-58BC-4EC9-A0D8-3B376D8E0DAC} = {70D6D50E-6783-4B33-B681-786214CDE729}
		{0E411C6A-C20B-4225-98C4-550C41A14960} = {24CCDDF0-58BC-4EC9-A0D8-3B376D8E0DAC}
		{F800CD3D-2F6D-41C1-9F74-C8DD4C524A69} = {24CCDDF0-58BC-4EC9-A0D8-3B376D8E0DAC}
		{2039713E-A833-41A1-A80F-C4912ECAF8C7} = {0E411C6A-C20B-4225-98C4-550C41A14960}
		{AA3A0D65-4D85-4BBC-823B-4464C28D5C8D} = {70D6D50E-6783-4B33-B681-786214CDE729}
		{3519944F-ECF6-4CC5-9554-2386A1DFD6D7} = {AA3A0D65-4D85-4BBC-823B-4464C28D5C8D}
		{A409378A-6D3B-45F8-9E93-82323809D4D8} = {AA3A0D65-4D85-4BBC-823B-4464C28D5C8D}
		{5C869349-27E7-4B28-BE98-52BAE480D084} = {3519944F-ECF6-4CC5-9554-2386A1DFD6D7}
		{3A56D942-25B5-4EA3-92BD-A575F842A2D4} = {15A07DA4-E1D4-4810-917E-930C0A7820FE}
		{EF94C858-60EC-42E8-AB76-883265546EFB} = {3A56D942-25B5-4EA3-92BD-A575F842A2D4}
		{36418AC4-20BF-45D5-849A-AAB43D71518C} = {3A56D942-25B5-4EA3-92BD-A575F842A2D4}
		{556BB251-E175-42A8-AB9A-6F6A3EFF8226} = {3A56D942-25B5-4EA3-92BD-A575F842A2D4}
		{82ACC96A-ED05-47D2-820F-17C3B4BD9DDD} = {A409378A-6D3B-45F8-9E93-82323809D4D8}
		{22515347-6C10-47A8-90CC-B862B8491379} = {70D6D50E-6783-4B33-B681-786214CDE729}
		{4E48E1C7-7C0C-49AC-A6D2-E6606B9609A5} = {22515347-6C10-47A8-90CC-B862B8491379}
		{8F8B169B-8176-443A-B8BC-0F6E86415718} = {22515347-6C10-47A8-90CC-B862B8491379}
		{94C126A2-DD0B-409D-9897-E8E16798F794} = {4E48E1C7-7C0C-49AC-A6D2-E6606B9609A5}
		{B5CD6988-3364-4E63-AF6F-3EA58ADEF04A} = {70D6D50E-6783-4B33-B681-786214CDE729}
		{33826B9C-25A2-453E-AB28-8FB5D46377EC} = {B5CD6988-3364-4E63-AF6F-3EA58ADEF04A}
		{884611DC-7BF5-4305-9F8D-E935D811140B} = {B5CD6988-3364-4E63-AF6F-3EA58ADEF04A}
		{2BBC4C32-CD98-471A-BBAB-0B86205EA50E} = {33826B9C-25A2-453E-AB28-8FB5D46377EC}
	EndGlobalSection
EndGlobal
