
Microsoft Visual Studio Solution File, Format Version 12.00
Project("{2150E333-8FDC-42A3-9474-1A3956D46DE8}") = "deployment", "deployment", "{196C873B-24D2-41E7-BCCA-F1447D9E10CA}"
	ProjectSection(SolutionItems) = preProject
		deployment\docker-compose.yml = deployment\docker-compose.yml
		deployment\.env = deployment\.env
	EndProjectSection
EndProject
Project("{2150E333-8FDC-42A3-9474-1A3956D46DE8}") = "services", "services", "{70D6D50E-6783-4B33-B681-786214CDE729}"
EndProject
Project("{2150E333-8FDC-42A3-9474-1A3956D46DE8}") = "shared", "shared", "{15A07DA4-E1D4-4810-917E-930C0A7820FE}"
EndProject
Project("{2150E333-8FDC-42A3-9474-1A3956D46DE8}") = "infrastructure", "infrastructure", "{37E73BF7-76D9-4441-BB5B-5292C3DDA52D}"
EndProject
Project("{2150E333-8FDC-42A3-9474-1A3956D46DE8}") = "IdentityServer", "IdentityServer", "{24CCDDF0-58BC-4EC9-A0D8-3B376D8E0DAC}"
EndProject
Project("{2150E333-8FDC-42A3-9474-1A3956D46DE8}") = "src", "src", "{0E411C6A-C20B-4225-98C4-550C41A14960}"
EndProject
Project("{2150E333-8FDC-42A3-9474-1A3956D46DE8}") = "tests", "tests", "{F800CD3D-2F6D-41C1-9F74-C8DD4C524A69}"
EndProject
Project("{2150E333-8FDC-42A3-9474-1A3956D46DE8}") = "tools", "tools", "{F4339AFD-7313-43CC-A609-8DE1B46C44B1}"
EndProject
Project("{2150E333-8FDC-42A3-9474-1A3956D46DE8}") = "WorkflowService", "WorkflowService", "{AA3A0D65-4D85-4BBC-823B-4464C28D5C8D}"
EndProject
Project("{2150E333-8FDC-42A3-9474-1A3956D46DE8}") = "src", "src", "{3519944F-ECF6-4CC5-9554-2386A1DFD6D7}"
EndProject
Project("{2150E333-8FDC-42A3-9474-1A3956D46DE8}") = "tests", "tests", "{A409378A-6D3B-45F8-9E93-82323809D4D8}"
EndProject
Project("{FAE04EC0-301F-11D3-BF4B-00C04F79EFBC}") = "WorkflowService", "services\WorkflowService\src\WorkflowService\WorkflowService.csproj", "{5C869349-27E7-4B28-BE98-52BAE480D084}"
EndProject
Project("{2150E333-8FDC-42A3-9474-1A3956D46DE8}") = "src", "src", "{3A56D942-25B5-4EA3-92BD-A575F842A2D4}"
EndProject
Project("{FAE04EC0-301F-11D3-BF4B-00C04F79EFBC}") = "Shared.Infrastructure", "shared\src\Shared.Infrastructure\Shared.Infrastructure.csproj", "{EF94C858-60EC-42E8-AB76-883265546EFB}"
EndProject
Project("{FAE04EC0-301F-11D3-BF4B-00C04F79EFBC}") = "Shared.Domain", "shared\src\Shared.Domain\Shared.Domain.csproj", "{36418AC4-20BF-45D5-849A-AAB43D71518C}"
EndProject
Project("{FAE04EC0-301F-11D3-BF4B-00C04F79EFBC}") = "Shared.Application", "shared\src\Shared.Application\Shared.Application.csproj", "{556BB251-E175-42A8-AB9A-6F6A3EFF8226}"
EndProject
Project("{FAE04EC0-301F-11D3-BF4B-00C04F79EFBC}") = "WorkflowService.IntegrationTests", "services\WorkflowService\tests\WorkflowService.IntegrationTests\WorkflowService.IntegrationTests.csproj", "{82ACC96A-ED05-47D2-820F-17C3B4BD9DDD}"
EndProject
Project("{2150E333-8FDC-42A3-9474-1A3956D46DE8}") = "TelegramService", "TelegramService", "{22515347-6C10-47A8-90CC-B862B8491379}"
EndProject
Project("{2150E333-8FDC-42A3-9474-1A3956D46DE8}") = "src", "src", "{4E48E1C7-7C0C-49AC-A6D2-E6606B9609A5}"
EndProject
Project("{2150E333-8FDC-42A3-9474-1A3956D46DE8}") = "tests", "tests", "{8F8B169B-8176-443A-B8BC-0F6E86415718}"
EndProject
Project("{2150E333-8FDC-42A3-9474-1A3956D46DE8}") = "Gateway", "Gateway", "{B5CD6988-3364-4E63-AF6F-3EA58ADEF04A}"
EndProject
Project("{2150E333-8FDC-42A3-9474-1A3956D46DE8}") = "src", "src", "{33826B9C-25A2-453E-AB28-8FB5D46377EC}"
EndProject
Project("{2150E333-8FDC-42A3-9474-1A3956D46DE8}") = "tests", "tests", "{884611DC-7BF5-4305-9F8D-E935D811140B}"
EndProject
Project("{FAE04EC0-301F-11D3-BF4B-00C04F79EFBC}") = "Gateway", "services\Gateway\src\Gateway\Gateway.csproj", "{2BBC4C32-CD98-471A-BBAB-0B86205EA50E}"
EndProject
Project("{2150E333-8FDC-42A3-9474-1A3956D46DE8}") = "ClientService", "ClientService", "{175C6BDE-EEC5-4E8E-BC40-88BA3037D10C}"
EndProject
Project("{2150E333-8FDC-42A3-9474-1A3956D46DE8}") = "src", "src", "{F71B96A2-B2A1-482C-92FF-A7CC107FB248}"
EndProject
Project("{2150E333-8FDC-42A3-9474-1A3956D46DE8}") = "tests", "tests", "{E765C594-63EF-4B93-AEF1-5AF9222DD51F}"
EndProject
Project("{FAE04EC0-301F-11D3-BF4B-00C04F79EFBC}") = "ClientService", "services\ClientService\src\ClientService\ClientService.csproj", "{CFF69362-28CF-4CCE-AEBB-E7CB4B5BDB60}"
EndProject
Project("{FAE04EC0-301F-11D3-BF4B-00C04F79EFBC}") = "IdentityServer", "services\IdentityServer\src\IdentityServer\IdentityServer.csproj", "{41E4C8A4-881B-4632-866F-960A5E062E22}"
EndProject
Project("{FAE04EC0-301F-11D3-BF4B-00C04F79EFBC}") = "TelegramService", "services\TelegramService\src\TelegramService\TelegramService.csproj", "{19A609AB-8585-4C6D-A340-450337FC605C}"
EndProject
Project("{FAE04EC0-301F-11D3-BF4B-00C04F79EFBC}") = "Shared.Grpc", "shared\src\Shared.Grpc\Shared.Grpc.csproj", "{103F0D57-C682-4536-A820-79B28A03BC73}"
EndProject
Project("{2150E333-8FDC-42A3-9474-1A3956D46DE8}") = "certs", "certs", "{03E87F81-FC51-4D05-BADC-C7DE1A7BD90D}"
	ProjectSection(SolutionItems) = preProject
		deployment\certs\gateway.pfx = deployment\certs\gateway.pfx
	EndProjectSection
EndProject
Project("{2150E333-8FDC-42A3-9474-1A3956D46DE8}") = "webApps", "webApps", "{B1FEFE4D-5060-4882-A294-2DEC28AE5BFF}"
EndProject
Project("{2150E333-8FDC-42A3-9474-1A3956D46DE8}") = "src", "src", "{BE6E5A92-F03C-4D11-9002-14E646D07E60}"
EndProject
Project("{FAE04EC0-301F-11D3-BF4B-00C04F79EFBC}") = "BlazorClient", "webApps\src\BlazorClient\BlazorClient.csproj", "{178C1050-31AF-4EB2-9743-BFBC485C9E2A}"
EndProject
Project("{2150E333-8FDC-42A3-9474-1A3956D46DE8}") = "CompanyService", "CompanyService", "{3B7DFF84-6E72-5AFA-2C2B-2DF43786472F}"
EndProject
Project("{2150E333-8FDC-42A3-9474-1A3956D46DE8}") = "FileService", "FileService", "{E8E7F1A2-1B3C-4D5E-9F0A-1B2C3D4E5F60}"
EndProject
Project("{2150E333-8FDC-42A3-9474-1A3956D46DE8}") = "src", "src", "{C97B31E0-16C5-84B0-5283-3FACA2EADB56}"
EndProject
Project("{FAE04EC0-301F-11D3-BF4B-00C04F79EFBC}") = "CompanyService", "services\CompanyService\src\CompanyService\CompanyService.csproj", "{2B1BB275-E4A2-4E72-9822-7AD055BC2268}"
EndProject
Project("{2150E333-8FDC-42A3-9474-1A3956D46DE8}") = "src", "src", "{8FFDC67B-6CB3-4873-84F5-464F9E31377F}"
EndProject
Project("{FAE04EC0-301F-11D3-BF4B-00C04F79EFBC}") = "FileService", "services\FileService\src\FileService\FileService.csproj", "{EB76466C-4D5D-4D24-8AC7-0427A82C8C59}"
EndProject
Global
	GlobalSection(SolutionConfigurationPlatforms) = preSolution
		Debug|Any CPU = Debug|Any CPU
		Debug|x64 = Debug|x64
		Debug|x86 = Debug|x86
		Release|Any CPU = Release|Any CPU
		Release|x64 = Release|x64
		Release|x86 = Release|x86
	EndGlobalSection
	GlobalSection(ProjectConfigurationPlatforms) = postSolution
		{5C869349-27E7-4B28-BE98-52BAE480D084}.Debug|Any CPU.ActiveCfg = Debug|Any CPU
		{5C869349-27E7-4B28-BE98-52BAE480D084}.Debug|Any CPU.Build.0 = Debug|Any CPU
		{5C869349-27E7-4B28-BE98-52BAE480D084}.Debug|x64.ActiveCfg = Debug|Any CPU
		{5C869349-27E7-4B28-BE98-52BAE480D084}.Debug|x64.Build.0 = Debug|Any CPU
		{5C869349-27E7-4B28-BE98-52BAE480D084}.Debug|x86.ActiveCfg = Debug|Any CPU
		{5C869349-27E7-4B28-BE98-52BAE480D084}.Debug|x86.Build.0 = Debug|Any CPU
		{5C869349-27E7-4B28-BE98-52BAE480D084}.Release|Any CPU.ActiveCfg = Release|Any CPU
		{5C869349-27E7-4B28-BE98-52BAE480D084}.Release|Any CPU.Build.0 = Release|Any CPU
		{5C869349-27E7-4B28-BE98-52BAE480D084}.Release|x64.ActiveCfg = Release|Any CPU
		{5C869349-27E7-4B28-BE98-52BAE480D084}.Release|x64.Build.0 = Release|Any CPU
		{5C869349-27E7-4B28-BE98-52BAE480D084}.Release|x86.ActiveCfg = Release|Any CPU
		{5C869349-27E7-4B28-BE98-52BAE480D084}.Release|x86.Build.0 = Release|Any CPU
		{EF94C858-60EC-42E8-AB76-883265546EFB}.Debug|Any CPU.ActiveCfg = Debug|Any CPU
		{EF94C858-60EC-42E8-AB76-883265546EFB}.Debug|Any CPU.Build.0 = Debug|Any CPU
		{EF94C858-60EC-42E8-AB76-883265546EFB}.Debug|x64.ActiveCfg = Debug|Any CPU
		{EF94C858-60EC-42E8-AB76-883265546EFB}.Debug|x64.Build.0 = Debug|Any CPU
		{EF94C858-60EC-42E8-AB76-883265546EFB}.Debug|x86.ActiveCfg = Debug|Any CPU
		{EF94C858-60EC-42E8-AB76-883265546EFB}.Debug|x86.Build.0 = Debug|Any CPU
		{EF94C858-60EC-42E8-AB76-883265546EFB}.Release|Any CPU.ActiveCfg = Release|Any CPU
		{EF94C858-60EC-42E8-AB76-883265546EFB}.Release|Any CPU.Build.0 = Release|Any CPU
		{EF94C858-60EC-42E8-AB76-883265546EFB}.Release|x64.ActiveCfg = Release|Any CPU
		{EF94C858-60EC-42E8-AB76-883265546EFB}.Release|x64.Build.0 = Release|Any CPU
		{EF94C858-60EC-42E8-AB76-883265546EFB}.Release|x86.ActiveCfg = Release|Any CPU
		{EF94C858-60EC-42E8-AB76-883265546EFB}.Release|x86.Build.0 = Release|Any CPU
		{36418AC4-20BF-45D5-849A-AAB43D71518C}.Debug|Any CPU.ActiveCfg = Debug|Any CPU
		{36418AC4-20BF-45D5-849A-AAB43D71518C}.Debug|Any CPU.Build.0 = Debug|Any CPU
		{36418AC4-20BF-45D5-849A-AAB43D71518C}.Debug|x64.ActiveCfg = Debug|Any CPU
		{36418AC4-20BF-45D5-849A-AAB43D71518C}.Debug|x64.Build.0 = Debug|Any CPU
		{36418AC4-20BF-45D5-849A-AAB43D71518C}.Debug|x86.ActiveCfg = Debug|Any CPU
		{36418AC4-20BF-45D5-849A-AAB43D71518C}.Debug|x86.Build.0 = Debug|Any CPU
		{36418AC4-20BF-45D5-849A-AAB43D71518C}.Release|Any CPU.ActiveCfg = Release|Any CPU
		{36418AC4-20BF-45D5-849A-AAB43D71518C}.Release|Any CPU.Build.0 = Release|Any CPU
		{36418AC4-20BF-45D5-849A-AAB43D71518C}.Release|x64.ActiveCfg = Release|Any CPU
		{36418AC4-20BF-45D5-849A-AAB43D71518C}.Release|x64.Build.0 = Release|Any CPU
		{36418AC4-20BF-45D5-849A-AAB43D71518C}.Release|x86.ActiveCfg = Release|Any CPU
		{36418AC4-20BF-45D5-849A-AAB43D71518C}.Release|x86.Build.0 = Release|Any CPU
		{556BB251-E175-42A8-AB9A-6F6A3EFF8226}.Debug|Any CPU.ActiveCfg = Debug|Any CPU
		{556BB251-E175-42A8-AB9A-6F6A3EFF8226}.Debug|Any CPU.Build.0 = Debug|Any CPU
		{556BB251-E175-42A8-AB9A-6F6A3EFF8226}.Debug|x64.ActiveCfg = Debug|Any CPU
		{556BB251-E175-42A8-AB9A-6F6A3EFF8226}.Debug|x64.Build.0 = Debug|Any CPU
		{556BB251-E175-42A8-AB9A-6F6A3EFF8226}.Debug|x86.ActiveCfg = Debug|Any CPU
		{556BB251-E175-42A8-AB9A-6F6A3EFF8226}.Debug|x86.Build.0 = Debug|Any CPU
		{556BB251-E175-42A8-AB9A-6F6A3EFF8226}.Release|Any CPU.ActiveCfg = Release|Any CPU
		{556BB251-E175-42A8-AB9A-6F6A3EFF8226}.Release|Any CPU.Build.0 = Release|Any CPU
		{556BB251-E175-42A8-AB9A-6F6A3EFF8226}.Release|x64.ActiveCfg = Release|Any CPU
		{556BB251-E175-42A8-AB9A-6F6A3EFF8226}.Release|x64.Build.0 = Release|Any CPU
		{556BB251-E175-42A8-AB9A-6F6A3EFF8226}.Release|x86.ActiveCfg = Release|Any CPU
		{556BB251-E175-42A8-AB9A-6F6A3EFF8226}.Release|x86.Build.0 = Release|Any CPU
		{82ACC96A-ED05-47D2-820F-17C3B4BD9DDD}.Debug|Any CPU.ActiveCfg = Debug|Any CPU
		{82ACC96A-ED05-47D2-820F-17C3B4BD9DDD}.Debug|Any CPU.Build.0 = Debug|Any CPU
		{82ACC96A-ED05-47D2-820F-17C3B4BD9DDD}.Debug|x64.ActiveCfg = Debug|Any CPU
		{82ACC96A-ED05-47D2-820F-17C3B4BD9DDD}.Debug|x64.Build.0 = Debug|Any CPU
		{82ACC96A-ED05-47D2-820F-17C3B4BD9DDD}.Debug|x86.ActiveCfg = Debug|Any CPU
		{82ACC96A-ED05-47D2-820F-17C3B4BD9DDD}.Debug|x86.Build.0 = Debug|Any CPU
		{82ACC96A-ED05-47D2-820F-17C3B4BD9DDD}.Release|Any CPU.ActiveCfg = Release|Any CPU
		{82ACC96A-ED05-47D2-820F-17C3B4BD9DDD}.Release|Any CPU.Build.0 = Release|Any CPU
		{82ACC96A-ED05-47D2-820F-17C3B4BD9DDD}.Release|x64.ActiveCfg = Release|Any CPU
		{82ACC96A-ED05-47D2-820F-17C3B4BD9DDD}.Release|x64.Build.0 = Release|Any CPU
		{82ACC96A-ED05-47D2-820F-17C3B4BD9DDD}.Release|x86.ActiveCfg = Release|Any CPU
		{82ACC96A-ED05-47D2-820F-17C3B4BD9DDD}.Release|x86.Build.0 = Release|Any CPU
		{2BBC4C32-CD98-471A-BBAB-0B86205EA50E}.Debug|Any CPU.ActiveCfg = Debug|Any CPU
		{2BBC4C32-CD98-471A-BBAB-0B86205EA50E}.Debug|Any CPU.Build.0 = Debug|Any CPU
		{2BBC4C32-CD98-471A-BBAB-0B86205EA50E}.Debug|x64.ActiveCfg = Debug|Any CPU
		{2BBC4C32-CD98-471A-BBAB-0B86205EA50E}.Debug|x64.Build.0 = Debug|Any CPU
		{2BBC4C32-CD98-471A-BBAB-0B86205EA50E}.Debug|x86.ActiveCfg = Debug|Any CPU
		{2BBC4C32-CD98-471A-BBAB-0B86205EA50E}.Debug|x86.Build.0 = Debug|Any CPU
		{2BBC4C32-CD98-471A-BBAB-0B86205EA50E}.Release|Any CPU.ActiveCfg = Release|Any CPU
		{2BBC4C32-CD98-471A-BBAB-0B86205EA50E}.Release|Any CPU.Build.0 = Release|Any CPU
		{2BBC4C32-CD98-471A-BBAB-0B86205EA50E}.Release|x64.ActiveCfg = Release|Any CPU
		{2BBC4C32-CD98-471A-BBAB-0B86205EA50E}.Release|x64.Build.0 = Release|Any CPU
		{2BBC4C32-CD98-471A-BBAB-0B86205EA50E}.Release|x86.ActiveCfg = Release|Any CPU
		{2BBC4C32-CD98-471A-BBAB-0B86205EA50E}.Release|x86.Build.0 = Release|Any CPU
		{CFF69362-28CF-4CCE-AEBB-E7CB4B5BDB60}.Debug|Any CPU.ActiveCfg = Debug|Any CPU
		{CFF69362-28CF-4CCE-AEBB-E7CB4B5BDB60}.Debug|Any CPU.Build.0 = Debug|Any CPU
		{CFF69362-28CF-4CCE-AEBB-E7CB4B5BDB60}.Debug|x64.ActiveCfg = Debug|Any CPU
		{CFF69362-28CF-4CCE-AEBB-E7CB4B5BDB60}.Debug|x64.Build.0 = Debug|Any CPU
		{CFF69362-28CF-4CCE-AEBB-E7CB4B5BDB60}.Debug|x86.ActiveCfg = Debug|Any CPU
		{CFF69362-28CF-4CCE-AEBB-E7CB4B5BDB60}.Debug|x86.Build.0 = Debug|Any CPU
		{CFF69362-28CF-4CCE-AEBB-E7CB4B5BDB60}.Release|Any CPU.ActiveCfg = Release|Any CPU
		{CFF69362-28CF-4CCE-AEBB-E7CB4B5BDB60}.Release|Any CPU.Build.0 = Release|Any CPU
		{CFF69362-28CF-4CCE-AEBB-E7CB4B5BDB60}.Release|x64.ActiveCfg = Release|Any CPU
		{CFF69362-28CF-4CCE-AEBB-E7CB4B5BDB60}.Release|x64.Build.0 = Release|Any CPU
		{CFF69362-28CF-4CCE-AEBB-E7CB4B5BDB60}.Release|x86.ActiveCfg = Release|Any CPU
		{CFF69362-28CF-4CCE-AEBB-E7CB4B5BDB60}.Release|x86.Build.0 = Release|Any CPU
		{41E4C8A4-881B-4632-866F-960A5E062E22}.Debug|Any CPU.ActiveCfg = Debug|Any CPU
		{41E4C8A4-881B-4632-866F-960A5E062E22}.Debug|Any CPU.Build.0 = Debug|Any CPU
		{41E4C8A4-881B-4632-866F-960A5E062E22}.Debug|x64.ActiveCfg = Debug|Any CPU
		{41E4C8A4-881B-4632-866F-960A5E062E22}.Debug|x64.Build.0 = Debug|Any CPU
		{41E4C8A4-881B-4632-866F-960A5E062E22}.Debug|x86.ActiveCfg = Debug|Any CPU
		{41E4C8A4-881B-4632-866F-960A5E062E22}.Debug|x86.Build.0 = Debug|Any CPU
		{41E4C8A4-881B-4632-866F-960A5E062E22}.Release|Any CPU.ActiveCfg = Release|Any CPU
		{41E4C8A4-881B-4632-866F-960A5E062E22}.Release|Any CPU.Build.0 = Release|Any CPU
		{41E4C8A4-881B-4632-866F-960A5E062E22}.Release|x64.ActiveCfg = Release|Any CPU
		{41E4C8A4-881B-4632-866F-960A5E062E22}.Release|x64.Build.0 = Release|Any CPU
		{41E4C8A4-881B-4632-866F-960A5E062E22}.Release|x86.ActiveCfg = Release|Any CPU
		{41E4C8A4-881B-4632-866F-960A5E062E22}.Release|x86.Build.0 = Release|Any CPU
		{19A609AB-8585-4C6D-A340-450337FC605C}.Debug|Any CPU.ActiveCfg = Debug|Any CPU
		{19A609AB-8585-4C6D-A340-450337FC605C}.Debug|Any CPU.Build.0 = Debug|Any CPU
		{19A609AB-8585-4C6D-A340-450337FC605C}.Debug|x64.ActiveCfg = Debug|Any CPU
		{19A609AB-8585-4C6D-A340-450337FC605C}.Debug|x64.Build.0 = Debug|Any CPU
		{19A609AB-8585-4C6D-A340-450337FC605C}.Debug|x86.ActiveCfg = Debug|Any CPU
		{19A609AB-8585-4C6D-A340-450337FC605C}.Debug|x86.Build.0 = Debug|Any CPU
		{19A609AB-8585-4C6D-A340-450337FC605C}.Release|Any CPU.ActiveCfg = Release|Any CPU
		{19A609AB-8585-4C6D-A340-450337FC605C}.Release|Any CPU.Build.0 = Release|Any CPU
		{19A609AB-8585-4C6D-A340-450337FC605C}.Release|x64.ActiveCfg = Release|Any CPU
		{19A609AB-8585-4C6D-A340-450337FC605C}.Release|x64.Build.0 = Release|Any CPU
		{19A609AB-8585-4C6D-A340-450337FC605C}.Release|x86.ActiveCfg = Release|Any CPU
		{19A609AB-8585-4C6D-A340-450337FC605C}.Release|x86.Build.0 = Release|Any CPU
		{103F0D57-C682-4536-A820-79B28A03BC73}.Debug|Any CPU.ActiveCfg = Debug|Any CPU
		{103F0D57-C682-4536-A820-79B28A03BC73}.Debug|Any CPU.Build.0 = Debug|Any CPU
		{103F0D57-C682-4536-A820-79B28A03BC73}.Debug|x64.ActiveCfg = Debug|Any CPU
		{103F0D57-C682-4536-A820-79B28A03BC73}.Debug|x64.Build.0 = Debug|Any CPU
		{103F0D57-C682-4536-A820-79B28A03BC73}.Debug|x86.ActiveCfg = Debug|Any CPU
		{103F0D57-C682-4536-A820-79B28A03BC73}.Debug|x86.Build.0 = Debug|Any CPU
		{103F0D57-C682-4536-A820-79B28A03BC73}.Release|Any CPU.ActiveCfg = Release|Any CPU
		{103F0D57-C682-4536-A820-79B28A03BC73}.Release|Any CPU.Build.0 = Release|Any CPU
		{103F0D57-C682-4536-A820-79B28A03BC73}.Release|x64.ActiveCfg = Release|Any CPU
		{103F0D57-C682-4536-A820-79B28A03BC73}.Release|x64.Build.0 = Release|Any CPU
		{103F0D57-C682-4536-A820-79B28A03BC73}.Release|x86.ActiveCfg = Release|Any CPU
		{103F0D57-C682-4536-A820-79B28A03BC73}.Release|x86.Build.0 = Release|Any CPU
		{178C1050-31AF-4EB2-9743-BFBC485C9E2A}.Debug|Any CPU.ActiveCfg = Debug|Any CPU
		{178C1050-31AF-4EB2-9743-BFBC485C9E2A}.Debug|Any CPU.Build.0 = Debug|Any CPU
		{178C1050-31AF-4EB2-9743-BFBC485C9E2A}.Debug|x64.ActiveCfg = Debug|Any CPU
		{178C1050-31AF-4EB2-9743-BFBC485C9E2A}.Debug|x64.Build.0 = Debug|Any CPU
		{178C1050-31AF-4EB2-9743-BFBC485C9E2A}.Debug|x86.ActiveCfg = Debug|Any CPU
		{178C1050-31AF-4EB2-9743-BFBC485C9E2A}.Debug|x86.Build.0 = Debug|Any CPU
		{178C1050-31AF-4EB2-9743-BFBC485C9E2A}.Release|Any CPU.ActiveCfg = Release|Any CPU
		{178C1050-31AF-4EB2-9743-BFBC485C9E2A}.Release|Any CPU.Build.0 = Release|Any CPU
		{178C1050-31AF-4EB2-9743-BFBC485C9E2A}.Release|x64.ActiveCfg = Release|Any CPU
		{178C1050-31AF-4EB2-9743-BFBC485C9E2A}.Release|x64.Build.0 = Release|Any CPU
		{178C1050-31AF-4EB2-9743-BFBC485C9E2A}.Release|x86.ActiveCfg = Release|Any CPU
		{178C1050-31AF-4EB2-9743-BFBC485C9E2A}.Release|x86.Build.0 = Release|Any CPU
		{2B1BB275-E4A2-4E72-9822-7AD055BC2268}.Debug|Any CPU.ActiveCfg = Debug|Any CPU
		{2B1BB275-E4A2-4E72-9822-7AD055BC2268}.Debug|Any CPU.Build.0 = Debug|Any CPU
		{2B1BB275-E4A2-4E72-9822-7AD055BC2268}.Debug|x64.ActiveCfg = Debug|Any CPU
		{2B1BB275-E4A2-4E72-9822-7AD055BC2268}.Debug|x64.Build.0 = Debug|Any CPU
		{2B1BB275-E4A2-4E72-9822-7AD055BC2268}.Debug|x86.ActiveCfg = Debug|Any CPU
		{2B1BB275-E4A2-4E72-9822-7AD055BC2268}.Debug|x86.Build.0 = Debug|Any CPU
		{2B1BB275-E4A2-4E72-9822-7AD055BC2268}.Release|Any CPU.ActiveCfg = Release|Any CPU
		{2B1BB275-E4A2-4E72-9822-7AD055BC2268}.Release|Any CPU.Build.0 = Release|Any CPU
		{2B1BB275-E4A2-4E72-9822-7AD055BC2268}.Release|x64.ActiveCfg = Release|Any CPU
		{2B1BB275-E4A2-4E72-9822-7AD055BC2268}.Release|x64.Build.0 = Release|Any CPU
		{2B1BB275-E4A2-4E72-9822-7AD055BC2268}.Release|x86.ActiveCfg = Release|Any CPU
		{2B1BB275-E4A2-4E72-9822-7AD055BC2268}.Release|x86.Build.0 = Release|Any CPU
		{EB76466C-4D5D-4D24-8AC7-0427A82C8C59}.Debug|Any CPU.ActiveCfg = Debug|Any CPU
		{EB76466C-4D5D-4D24-8AC7-0427A82C8C59}.Debug|Any CPU.Build.0 = Debug|Any CPU
		{EB76466C-4D5D-4D24-8AC7-0427A82C8C59}.Debug|x64.ActiveCfg = Debug|Any CPU
		{EB76466C-4D5D-4D24-8AC7-0427A82C8C59}.Debug|x64.Build.0 = Debug|Any CPU
		{EB76466C-4D5D-4D24-8AC7-0427A82C8C59}.Debug|x86.ActiveCfg = Debug|Any CPU
		{EB76466C-4D5D-4D24-8AC7-0427A82C8C59}.Debug|x86.Build.0 = Debug|Any CPU
		{EB76466C-4D5D-4D24-8AC7-0427A82C8C59}.Release|Any CPU.ActiveCfg = Release|Any CPU
		{EB76466C-4D5D-4D24-8AC7-0427A82C8C59}.Release|Any CPU.Build.0 = Release|Any CPU
		{EB76466C-4D5D-4D24-8AC7-0427A82C8C59}.Release|x64.ActiveCfg = Release|Any CPU
		{EB76466C-4D5D-4D24-8AC7-0427A82C8C59}.Release|x64.Build.0 = Release|Any CPU
		{EB76466C-4D5D-4D24-8AC7-0427A82C8C59}.Release|x86.ActiveCfg = Release|Any CPU
		{EB76466C-4D5D-4D24-8AC7-0427A82C8C59}.Release|x86.Build.0 = Release|Any CPU
	EndGlobalSection
	GlobalSection(SolutionProperties) = preSolution
		HideSolutionNode = FALSE
	EndGlobalSection
	GlobalSection(NestedProjects) = preSolution
		{24CCDDF0-58BC-4EC9-A0D8-3B376D8E0DAC} = {70D6D50E-6783-4B33-B681-786214CDE729}
		{0E411C6A-C20B-4225-98C4-550C41A14960} = {24CCDDF0-58BC-4EC9-A0D8-3B376D8E0DAC}
		{F800CD3D-2F6D-41C1-9F74-C8DD4C524A69} = {24CCDDF0-58BC-4EC9-A0D8-3B376D8E0DAC}
		{AA3A0D65-4D85-4BBC-823B-4464C28D5C8D} = {70D6D50E-6783-4B33-B681-786214CDE729}
		{3519944F-ECF6-4CC5-9554-2386A1DFD6D7} = {AA3A0D65-4D85-4BBC-823B-4464C28D5C8D}
		{A409378A-6D3B-45F8-9E93-82323809D4D8} = {AA3A0D65-4D85-4BBC-823B-4464C28D5C8D}
		{5C869349-27E7-4B28-BE98-52BAE480D084} = {3519944F-ECF6-4CC5-9554-2386A1DFD6D7}
		{3A56D942-25B5-4EA3-92BD-A575F842A2D4} = {15A07DA4-E1D4-4810-917E-930C0A7820FE}
		{EF94C858-60EC-42E8-AB76-883265546EFB} = {3A56D942-25B5-4EA3-92BD-A575F842A2D4}
		{36418AC4-20BF-45D5-849A-AAB43D71518C} = {3A56D942-25B5-4EA3-92BD-A575F842A2D4}
		{556BB251-E175-42A8-AB9A-6F6A3EFF8226} = {3A56D942-25B5-4EA3-92BD-A575F842A2D4}
		{82ACC96A-ED05-47D2-820F-17C3B4BD9DDD} = {A409378A-6D3B-45F8-9E93-82323809D4D8}
		{22515347-6C10-47A8-90CC-B862B8491379} = {70D6D50E-6783-4B33-B681-786214CDE729}
		{4E48E1C7-7C0C-49AC-A6D2-E6606B9609A5} = {22515347-6C10-47A8-90CC-B862B8491379}
		{8F8B169B-8176-443A-B8BC-0F6E86415718} = {22515347-6C10-47A8-90CC-B862B8491379}
		{B5CD6988-3364-4E63-AF6F-3EA58ADEF04A} = {70D6D50E-6783-4B33-B681-786214CDE729}
		{33826B9C-25A2-453E-AB28-8FB5D46377EC} = {B5CD6988-3364-4E63-AF6F-3EA58ADEF04A}
		{884611DC-7BF5-4305-9F8D-E935D811140B} = {B5CD6988-3364-4E63-AF6F-3EA58ADEF04A}
		{2BBC4C32-CD98-471A-BBAB-0B86205EA50E} = {33826B9C-25A2-453E-AB28-8FB5D46377EC}
		{175C6BDE-EEC5-4E8E-BC40-88BA3037D10C} = {70D6D50E-6783-4B33-B681-786214CDE729}
		{F71B96A2-B2A1-482C-92FF-A7CC107FB248} = {175C6BDE-EEC5-4E8E-BC40-88BA3037D10C}
		{E765C594-63EF-4B93-AEF1-5AF9222DD51F} = {175C6BDE-EEC5-4E8E-BC40-88BA3037D10C}
		{CFF69362-28CF-4CCE-AEBB-E7CB4B5BDB60} = {F71B96A2-B2A1-482C-92FF-A7CC107FB248}
		{41E4C8A4-881B-4632-866F-960A5E062E22} = {0E411C6A-C20B-4225-98C4-550C41A14960}
		{19A609AB-8585-4C6D-A340-450337FC605C} = {4E48E1C7-7C0C-49AC-A6D2-E6606B9609A5}
		{103F0D57-C682-4536-A820-79B28A03BC73} = {3A56D942-25B5-4EA3-92BD-A575F842A2D4}
		{03E87F81-FC51-4D05-BADC-C7DE1A7BD90D} = {196C873B-24D2-41E7-BCCA-F1447D9E10CA}
		{BE6E5A92-F03C-4D11-9002-14E646D07E60} = {B1FEFE4D-5060-4882-A294-2DEC28AE5BFF}
		{178C1050-31AF-4EB2-9743-BFBC485C9E2A} = {BE6E5A92-F03C-4D11-9002-14E646D07E60}
		{3B7DFF84-6E72-5AFA-2C2B-2DF43786472F} = {70D6D50E-6783-4B33-B681-786214CDE729}
		{C97B31E0-16C5-84B0-5283-3FACA2EADB56} = {3B7DFF84-6E72-5AFA-2C2B-2DF43786472F}
		{2B1BB275-E4A2-4E72-9822-7AD055BC2268} = {C97B31E0-16C5-84B0-5283-3FACA2EADB56}
		{E8E7F1A2-1B3C-4D5E-9F0A-1B2C3D4E5F60} = {70D6D50E-6783-4B33-B681-786214CDE729}
		{8FFDC67B-6CB3-4873-84F5-464F9E31377F} = {E8E7F1A2-1B3C-4D5E-9F0A-1B2C3D4E5F60}
		{EB76466C-4D5D-4D24-8AC7-0427A82C8C59} = {8FFDC67B-6CB3-4873-84F5-464F9E31377F}
	EndGlobalSection
EndGlobal
